
Microsoft Visual Studio Solution File, Format Version 12.00
# Visual Studio Version 17
VisualStudioVersion = 17.14.36310.24 d17.14
MinimumVisualStudioVersion = 10.0.40219.1
Project("{FAE04EC0-301F-11D3-BF4B-00C04F79EFBC}") = "revisão aula 5", "revisão aula 5.csproj", "{7F12757F-9EC6-4756-826D-000FF2E3AE88}"
EndProject
Global
	GlobalSection(SolutionConfigurationPlatforms) = preSolution
		Debug|Any CPU = Debug|Any CPU
		Release|Any CPU = Release|Any CPU
	EndGlobalSection
	GlobalSection(ProjectConfigurationPlatforms) = postSolution
		{7F12757F-9EC6-4756-826D-000FF2E3AE88}.Debug|Any CPU.ActiveCfg = Debug|Any CPU
		{7F12757F-9EC6-4756-826D-000FF2E3AE88}.Debug|Any CPU.Build.0 = Debug|Any CPU
		{7F12757F-9EC6-4756-826D-000FF2E3AE88}.Release|Any CPU.ActiveCfg = Release|Any CPU
		{7F12757F-9EC6-4756-826D-000FF2E3AE88}.Release|Any CPU.Build.0 = Release|Any CPU
	EndGlobalSection
	GlobalSection(SolutionProperties) = preSolution
		HideSolutionNode = FALSE
	EndGlobalSection
	GlobalSection(ExtensibilityGlobals) = postSolution
		SolutionGuid = {1C868907-5DDB-4A67-AA91-0B4E0257BC5A}
	EndGlobalSection
EndGlobal
